{
  "version": "4",
  "specifiers": {
    "jsr:@std/async@*": "1.0.11",
    "jsr:@std/path@*": "1.0.8"
  },
  "jsr": {
    "@std/async@1.0.11": {
      "integrity": "eee0d3405275506638a9c8efaa849cf0d35873120c69b7caa1309c9a9e5b6f85"
    },
    "@std/path@1.0.8": {
      "integrity": "548fa456bb6a04d3c1a1e7477986b6cffbce95102d0bb447c67c4ee70e0364be"
    }
  },
  "workspace": {
    "dependencies": [
      "jsr:@std/async@^1.0.11"
    ]
  }
}
